{
  "name": "ks-vscode-extension",
  "version": "0.0.1",
  "lockfileVersion": 3,
  "requires": true,
  "packages": {
    "": {
      "name": "ks-vscode-extension",
      "version": "0.0.1",
      "devDependencies": {},
      "engines": {
        "vscode": "^1.80.0"
      }
    }
  }
}
